PODS:
  - coinbase-official (3.0.2):
    - coinbase-official/client (= 3.0.2)
    - coinbase-official/core (= 3.0.2)
    - coinbase-official/OAuth (= 3.0.2)
  - coinbase-official/client (3.0.2):
    - coinbase-official/core
  - coinbase-official/core (3.0.2)
  - coinbase-official/OAuth (3.0.2):
    - coinbase-official/core
  - Nocilla (0.10.0)

DEPENDENCIES:
  - coinbase-official (from `../`)
  - Nocilla

EXTERNAL SOURCES:
  coinbase-official:
    :path: ../

SPEC CHECKSUMS:
  coinbase-official: 92b3478440822aa7a7245c3a96b531ca9f79190b
  Nocilla: ae0a2b05f3087b473624ac2b25903695df51246a

COCOAPODS: 0.38.2
