PODS:
  - coinbase-official (3.0):
    - coinbase-official/client (= 3.0)
    - coinbase-official/core (= 3.0)
    - coinbase-official/OAuth (= 3.0)
  - coinbase-official/client (3.0):
    - coinbase-official/core
  - coinbase-official/core (3.0)
  - coinbase-official/OAuth (3.0):
    - coinbase-official/core
  - Nocilla (0.10.0)

DEPENDENCIES:
  - coinbase-official (from `../`)
  - Nocilla

EXTERNAL SOURCES:
  coinbase-official:
    :path: "../"

SPEC CHECKSUMS:
  coinbase-official: 98158d256f683b7649efadc78944fba728057371
  Nocilla: ae0a2b05f3087b473624ac2b25903695df51246a

COCOAPODS: 0.37.2
