PODS:
  - coinbase-official (2.1.2):
    - coinbase-official/client (= 2.1.2)
    - coinbase-official/OAuth (= 2.1.2)
  - coinbase-official/client (2.1.2):
    - coinbase-official/OAuth
  - coinbase-official/OAuth (2.1.2)
  - Expecta (0.3.2)
  - Expecta+Snapshots (1.3.2):
    - Expecta (~> 0.3)
    - FBSnapshotTestCase (= 1.6)
  - FBSnapshotTestCase (1.6)
  - Specta (0.2.1)

DEPENDENCIES:
  - coinbase-official (from `../`)
  - Expecta
  - Expecta+Snapshots
  - FBSnapshotTestCase
  - Specta (~> 0.2.1)

EXTERNAL SOURCES:
  coinbase-official:
    :path: "../"

SPEC CHECKSUMS:
  coinbase-official: 36eb1ed3f43e8a5597ce89eac1e53f1a6d5a1af0
  Expecta: 8c507baf13211207b1e9d0a741480600e6b4ed15
  Expecta+Snapshots: 40c5ec43b43da3bae957f14fed5dc9177d08ec8b
  FBSnapshotTestCase: 9d5fe43b29ae3a0ed8fc829477971b281038f748
  Specta: 15a276a6343867b426d5ed135d5aa4d04123a573

COCOAPODS: 0.36.3
