// !$*UTF8*$!
{
	archiveVersion = 1;
	classes = {
	};
	objectVersion = 46;
	objects = {

/* Begin PBXBuildFile section */
		28364FE25659A43A6A9CFFC8 /* libPods-Coinbase Tests.a in Frameworks */ = {isa = PBXBuildFile; fileRef = 1B1B3BC4E0DC2DA1D99D4B8F /* libPods-Coinbase Tests.a */; };
		6003F58E195388D20070C39A /* Foundation.framework in Frameworks */ = {isa = PBXBuildFile; fileRef = 6003F58D195388D20070C39A /* Foundation.framework */; };
		6003F590195388D20070C39A /* CoreGraphics.framework in Frameworks */ = {isa = PBXBuildFile; fileRef = 6003F58F195388D20070C39A /* CoreGraphics.framework */; };
		6003F592195388D20070C39A /* UIKit.framework in Frameworks */ = {isa = PBXBuildFile; fileRef = 6003F591195388D20070C39A /* UIKit.framework */; };
		6003F598195388D20070C39A /* InfoPlist.strings in Resources */ = {isa = PBXBuildFile; fileRef = 6003F596195388D20070C39A /* InfoPlist.strings */; };
		6003F59A195388D20070C39A /* main.m in Sources */ = {isa = PBXBuildFile; fileRef = 6003F599195388D20070C39A /* main.m */; };
		6003F59E195388D20070C39A /* CoinbaseAppDelegate.m in Sources */ = {isa = PBXBuildFile; fileRef = 6003F59D195388D20070C39A /* CoinbaseAppDelegate.m */; };
		6003F5A1195388D20070C39A /* Main.storyboard in Resources */ = {isa = PBXBuildFile; fileRef = 6003F59F195388D20070C39A /* Main.storyboard */; };
		6003F5A7195388D20070C39A /* CoinbaseViewController.m in Sources */ = {isa = PBXBuildFile; fileRef = 6003F5A6195388D20070C39A /* CoinbaseViewController.m */; };
		6003F5A9195388D20070C39A /* Images.xcassets in Resources */ = {isa = PBXBuildFile; fileRef = 6003F5A8195388D20070C39A /* Images.xcassets */; };
		921D14C6C7CE107E9A78D834 /* libPods-coinbase.a in Frameworks */ = {isa = PBXBuildFile; fileRef = 171C54F935CD125FBF1B82B5 /* libPods-coinbase.a */; };
		D1A38C4F1A8032770086BFE7 /* CoinbaseCurrenciesViewController.swift in Sources */ = {isa = PBXBuildFile; fileRef = D1A38C4E1A8032770086BFE7 /* CoinbaseCurrenciesViewController.swift */; };
		D7F147421B03154800B13F98 /* Coinbase_Tests.m in Sources */ = {isa = PBXBuildFile; fileRef = D7F147411B03154800B13F98 /* Coinbase_Tests.m */; };
		D7F147481B03184E00B13F98 /* test__getAccountsList.plist in Resources */ = {isa = PBXBuildFile; fileRef = D7F146701AFC37C000B13F98 /* test__getAccountsList.plist */; };
		D7F147491B03184E00B13F98 /* test__getAccount.plist in Resources */ = {isa = PBXBuildFile; fileRef = D7F146721AFC535B00B13F98 /* test__getAccount.plist */; };
		D7F1474A1B03184E00B13F98 /* test__getPrimaryAccount.plist in Resources */ = {isa = PBXBuildFile; fileRef = D7F146741AFC547F00B13F98 /* test__getPrimaryAccount.plist */; };
		D7F1474B1B03184E00B13F98 /* test__createAccountWithName.plist in Resources */ = {isa = PBXBuildFile; fileRef = D7F146761AFC594900B13F98 /* test__createAccountWithName.plist */; };
		D7F1474C1B03184E00B13F98 /* test__getBalance.plist in Resources */ = {isa = PBXBuildFile; fileRef = D7F146781AFC59AB00B13F98 /* test__getBalance.plist */; };
		D7F1474D1B03184E00B13F98 /* test__getBitcoinAddress.plist in Resources */ = {isa = PBXBuildFile; fileRef = D7F1467A1AFC5AF800B13F98 /* test__getBitcoinAddress.plist */; };
		D7F1474E1B03184E00B13F98 /* test__createBitcoinAddressForAccount.plist in Resources */ = {isa = PBXBuildFile; fileRef = D7F1467C1B003B2300B13F98 /* test__createBitcoinAddressForAccount.plist */; };
		D7F1474F1B03184E00B13F98 /* test__modifyAccount_name_completion.plist in Resources */ = {isa = PBXBuildFile; fileRef = D7F1467E1B003C4600B13F98 /* test__modifyAccount_name_completion.plist */; };
		D7F147501B03184E00B13F98 /* test__setAccountAsPrimary.plist in Resources */ = {isa = PBXBuildFile; fileRef = D7F146801B003DCB00B13F98 /* test__setAccountAsPrimary.plist */; };
		D7F147511B03184E00B13F98 /* test__deleteAccount.plist in Resources */ = {isa = PBXBuildFile; fileRef = D7F146821B003E9000B13F98 /* test__deleteAccount.plist */; };
		D7F147521B03184E00B13F98 /* test__getAccountChanges.plist in Resources */ = {isa = PBXBuildFile; fileRef = D7F146871B00406C00B13F98 /* test__getAccountChanges.plist */; };
		D7F147531B03184E00B13F98 /* test__getAccountAddresses.plist in Resources */ = {isa = PBXBuildFile; fileRef = D7F1468A1B0041F300B13F98 /* test__getAccountAddresses.plist */; };
		D7F147541B03184E00B13F98 /* test__getAddressWithAddressOrID.plist in Resources */ = {isa = PBXBuildFile; fileRef = D7F1468C1B00432A00B13F98 /* test__getAddressWithAddressOrID.plist */; };
		D7F147551B03184E00B13F98 /* test__createBitcoinAddress.plist in Resources */ = {isa = PBXBuildFile; fileRef = D7F1468F1B00481B00B13F98 /* test__createBitcoinAddress.plist */; };
		D7F147561B03184E00B13F98 /* test__getAuthorizationInformation.plist in Resources */ = {isa = PBXBuildFile; fileRef = D7F146911B004A9100B13F98 /* test__getAuthorizationInformation.plist */; };
		D7F147571B03184E00B13F98 /* test__createButtonWithName_price_priceCurrencyISO.plist in Resources */ = {isa = PBXBuildFile; fileRef = D7F146941B004B6C00B13F98 /* test__createButtonWithName_price_priceCurrencyISO.plist */; };
		D7F147581B03184E00B13F98 /* test__getButtonWithID.plist in Resources */ = {isa = PBXBuildFile; fileRef = D7F146961B004D2D00B13F98 /* test__getButtonWithID.plist */; };
		D7F147591B03184E00B13F98 /* test__createOrderForButtonWithID.plist in Resources */ = {isa = PBXBuildFile; fileRef = D7F146981B004E2100B13F98 /* test__createOrderForButtonWithID.plist */; };
		D7F1475A1B03184E00B13F98 /* test__getOrdersForButtonWithID.plist in Resources */ = {isa = PBXBuildFile; fileRef = D7F1469A1B00545600B13F98 /* test__getOrdersForButtonWithID.plist */; };
		D7F1475B1B03184E00B13F98 /* test__buy.plist in Resources */ = {isa = PBXBuildFile; fileRef = D7F1469D1B00553300B13F98 /* test__buy.plist */; };
		D7F1475C1B03184E00B13F98 /* test__getContacts.plist in Resources */ = {isa = PBXBuildFile; fileRef = D7F146A01B00629F00B13F98 /* test__getContacts.plist */; };
		D7F1475D1B03184E00B13F98 /* test__getCurrencies.plist in Resources */ = {isa = PBXBuildFile; fileRef = D7F146A31B00639F00B13F98 /* test__getCurrencies.plist */; };
		D7F1475E1B03184E00B13F98 /* test__getExchangeRates.plist in Resources */ = {isa = PBXBuildFile; fileRef = D7F146A51B00646800B13F98 /* test__getExchangeRates.plist */; };
		D7F1475F1B03184E00B13F98 /* test__depositAmount_paymentMethodId_commit.plist in Resources */ = {isa = PBXBuildFile; fileRef = D7F146A81B00656700B13F98 /* test__depositAmount_paymentMethodId_commit.plist */; };
		D7F147601B03184E00B13F98 /* test__createMultiSigAccountWithName_type_requiredSignatures_xPubKeys.plist in Resources */ = {isa = PBXBuildFile; fileRef = D7F146AB1B00680300B13F98 /* test__createMultiSigAccountWithName_type_requiredSignatures_xPubKeys.plist */; };
		D7F147611B03184E00B13F98 /* test__getSignatureHashesWithTransactionID.plist in Resources */ = {isa = PBXBuildFile; fileRef = D7F146AD1B00690300B13F98 /* test__getSignatureHashesWithTransactionID.plist */; };
		D7F147621B03184E00B13F98 /* test__signaturesForMultiSigTransaction.plist in Resources */ = {isa = PBXBuildFile; fileRef = D7F146AF1B006B2C00B13F98 /* test__signaturesForMultiSigTransaction.plist */; };
		D7F147631B03184E00B13F98 /* test__getOAuthApplications.plist in Resources */ = {isa = PBXBuildFile; fileRef = D7F146B21B00718500B13F98 /* test__getOAuthApplications.plist */; };
		D7F147641B03184E00B13F98 /* test__getOAuthApplicationWithID.plist in Resources */ = {isa = PBXBuildFile; fileRef = D7F146B41B00720700B13F98 /* test__getOAuthApplicationWithID.plist */; };
		D7F147651B03184E00B13F98 /* test__createOAuthApplicationWithName_reDirectURL.plist in Resources */ = {isa = PBXBuildFile; fileRef = D7F146B61B00728A00B13F98 /* test__createOAuthApplicationWithName_reDirectURL.plist */; };
		D7F147661B03184E00B13F98 /* test__getOrders.plist in Resources */ = {isa = PBXBuildFile; fileRef = D7F146B91B00733200B13F98 /* test__getOrders.plist */; };
		D7F147671B03184E00B13F98 /* test__createOrderWithName.plist in Resources */ = {isa = PBXBuildFile; fileRef = D7F146BB1B00740500B13F98 /* test__createOrderWithName.plist */; };
		D7F147681B03184E00B13F98 /* test__getOrderWithID.plist in Resources */ = {isa = PBXBuildFile; fileRef = D7F146BD1B0074C500B13F98 /* test__getOrderWithID.plist */; };
		D7F147691B03184E00B13F98 /* test__refundOrderWithID_refundISOCode.plist in Resources */ = {isa = PBXBuildFile; fileRef = D7F146BF1B00753300B13F98 /* test__refundOrderWithID_refundISOCode.plist */; };
		D7F1476A1B03184E00B13F98 /* test__getPaymentMethods.plist in Resources */ = {isa = PBXBuildFile; fileRef = D7F146C21B00763500B13F98 /* test__getPaymentMethods.plist */; };
		D7F1476B1B03184E00B13F98 /* test__paymentMethodWithID.plist in Resources */ = {isa = PBXBuildFile; fileRef = D7F146C41B00765400B13F98 /* test__paymentMethodWithID.plist */; };
		D7F1476C1B03184E00B13F98 /* test__getBuyPrice.plist in Resources */ = {isa = PBXBuildFile; fileRef = D7F146C71B00786200B13F98 /* test__getBuyPrice.plist */; };
		D7F1476D1B03184E00B13F98 /* test__getSellPrice.plist in Resources */ = {isa = PBXBuildFile; fileRef = D7F146C91B00798400B13F98 /* test__getSellPrice.plist */; };
		D7F1476E1B03184E00B13F98 /* test__getSpotRate.plist in Resources */ = {isa = PBXBuildFile; fileRef = D7F146CB1B007A7B00B13F98 /* test__getSpotRate.plist */; };
		D7F1476F1B03184E00B13F98 /* test__getRecurringPayments.plist in Resources */ = {isa = PBXBuildFile; fileRef = D7F146CE1B007BB800B13F98 /* test__getRecurringPayments.plist */; };
		D7F147701B03184E00B13F98 /* test__recurringPaymentWithID.plist in Resources */ = {isa = PBXBuildFile; fileRef = D7F146D01B007C6C00B13F98 /* test__recurringPaymentWithID.plist */; };
		D7F147711B03184E00B13F98 /* test__refundWithID.plist in Resources */ = {isa = PBXBuildFile; fileRef = D7F146D31B007D7700B13F98 /* test__refundWithID.plist */; };
		D7F147721B03184E00B13F98 /* test__getReports.plist in Resources */ = {isa = PBXBuildFile; fileRef = D7F146D61B007EA800B13F98 /* test__getReports.plist */; };
		D7F147731B03184E00B13F98 /* test__reportWithID.plist in Resources */ = {isa = PBXBuildFile; fileRef = D7F146D81B007F5000B13F98 /* test__reportWithID.plist */; };
		D7F147741B03184E00B13F98 /* test__createReportWithType_email.plist in Resources */ = {isa = PBXBuildFile; fileRef = D7F146DA1B007FBE00B13F98 /* test__createReportWithType_email.plist */; };
		D7F147751B03184E00B13F98 /* test__sellQuantity.plist in Resources */ = {isa = PBXBuildFile; fileRef = D7F146DD1B0080DB00B13F98 /* test__sellQuantity.plist */; };
		D7F147761B03184E00B13F98 /* test__getSubscribers.plist in Resources */ = {isa = PBXBuildFile; fileRef = D7F146E01B00817C00B13F98 /* test__getSubscribers.plist */; };
		D7F147771B03184E00B13F98 /* test__subscriptionWithID.plist in Resources */ = {isa = PBXBuildFile; fileRef = D7F146E21B0081FC00B13F98 /* test__subscriptionWithID.plist */; };
		D7F147781B03184E00B13F98 /* test__createToken.plist in Resources */ = {isa = PBXBuildFile; fileRef = D7F146E51B00828300B13F98 /* test__createToken.plist */; };
		D7F147791B03184E00B13F98 /* test__redeemTokenWithID.plist in Resources */ = {isa = PBXBuildFile; fileRef = D7F146E71B0082FD00B13F98 /* test__redeemTokenWithID.plist */; };
		D7F1477A1B03184E00B13F98 /* test__getTransactions.plist in Resources */ = {isa = PBXBuildFile; fileRef = D7F146EA1B0083C000B13F98 /* test__getTransactions.plist */; };
		D7F1477B1B03184E00B13F98 /* test__transactionWithID.plist in Resources */ = {isa = PBXBuildFile; fileRef = D7F146EC1B00843200B13F98 /* test__transactionWithID.plist */; };
		D7F1477C1B03184E00B13F98 /* test__sendAmount_to.plist in Resources */ = {isa = PBXBuildFile; fileRef = D7F146EE1B0084A500B13F98 /* test__sendAmount_to.plist */; };
		D7F1477D1B03184E00B13F98 /* test__transferAmount_to.plist in Resources */ = {isa = PBXBuildFile; fileRef = D7F146F01B00850D00B13F98 /* test__transferAmount_to.plist */; };
		D7F1477E1B03184E00B13F98 /* test__requestAmount_from.plist in Resources */ = {isa = PBXBuildFile; fileRef = D7F146F21B00857900B13F98 /* test__requestAmount_from.plist */; };
		D7F1477F1B03184E00B13F98 /* test__resendRequestWithID.plist in Resources */ = {isa = PBXBuildFile; fileRef = D7F146F41B0085D700B13F98 /* test__resendRequestWithID.plist */; };
		D7F147801B03184E00B13F98 /* test__completeRequestWithID.plist in Resources */ = {isa = PBXBuildFile; fileRef = D7F146F61B00863E00B13F98 /* test__completeRequestWithID.plist */; };
		D7F147811B03184E00B13F98 /* test__cancelRequestWithID.plist in Resources */ = {isa = PBXBuildFile; fileRef = D7F146F81B0086AA00B13F98 /* test__cancelRequestWithID.plist */; };
		D7F147821B03184E00B13F98 /* test__getTransfers.plist in Resources */ = {isa = PBXBuildFile; fileRef = D7F146FB1B00873000B13F98 /* test__getTransfers.plist */; };
		D7F147831B03184E00B13F98 /* test__transferWithID.plist in Resources */ = {isa = PBXBuildFile; fileRef = D7F146FD1B0087E300B13F98 /* test__transferWithID.plist */; };
		D7F147841B03184E00B13F98 /* test__commitTransferWithID.plist in Resources */ = {isa = PBXBuildFile; fileRef = D7F146FF1B00884600B13F98 /* test__commitTransferWithID.plist */; };
		D7F147851B03184E00B13F98 /* test__getCurrentUser.plist in Resources */ = {isa = PBXBuildFile; fileRef = D7F147031B0089EB00B13F98 /* test__getCurrentUser.plist */; };
		D7F147861B03184E00B13F98 /* test__modifyCurrentUserName.plist in Resources */ = {isa = PBXBuildFile; fileRef = D7F147051B008A0A00B13F98 /* test__modifyCurrentUserName.plist */; };
		D7F147871B03184E00B13F98 /* test__withdrawAmount_accountID_paymentMethodID.plist in Resources */ = {isa = PBXBuildFile; fileRef = D7F147071B008A1C00B13F98 /* test__withdrawAmount_accountID_paymentMethodID.plist */; };
		D7F962991AF0CB7700C0959F /* CoinbaseAccountsTableViewController.m in Sources */ = {isa = PBXBuildFile; fileRef = D7F962981AF0CB7700C0959F /* CoinbaseAccountsTableViewController.m */; };
		D7F9629F1AF13BD800C0959F /* CoinbaseTransactionsViewController.m in Sources */ = {isa = PBXBuildFile; fileRef = D7F9629E1AF13BD800C0959F /* CoinbaseTransactionsViewController.m */; };
		D7F962A41AF14A7900C0959F /* CoinbaseBuySellViewController.swift in Sources */ = {isa = PBXBuildFile; fileRef = D7F962A31AF14A7900C0959F /* CoinbaseBuySellViewController.swift */; };
/* End PBXBuildFile section */

/* Begin PBXContainerItemProxy section */
		D7F147431B03154800B13F98 /* PBXContainerItemProxy */ = {
			isa = PBXContainerItemProxy;
			containerPortal = 6003F582195388D10070C39A /* Project object */;
			proxyType = 1;
			remoteGlobalIDString = 6003F589195388D20070C39A;
			remoteInfo = coinbase;
		};
/* End PBXContainerItemProxy section */

/* Begin PBXFileReference section */
		171C54F935CD125FBF1B82B5 /* libPods-coinbase.a */ = {isa = PBXFileReference; explicitFileType = archive.ar; includeInIndex = 0; path = "libPods-coinbase.a"; sourceTree = BUILT_PRODUCTS_DIR; };
		1B1B3BC4E0DC2DA1D99D4B8F /* libPods-Coinbase Tests.a */ = {isa = PBXFileReference; explicitFileType = archive.ar; includeInIndex = 0; path = "libPods-Coinbase Tests.a"; sourceTree = BUILT_PRODUCTS_DIR; };
		6003F58A195388D20070C39A /* coinbase.app */ = {isa = PBXFileReference; explicitFileType = wrapper.application; includeInIndex = 0; path = coinbase.app; sourceTree = BUILT_PRODUCTS_DIR; };
		6003F58D195388D20070C39A /* Foundation.framework */ = {isa = PBXFileReference; lastKnownFileType = wrapper.framework; name = Foundation.framework; path = System/Library/Frameworks/Foundation.framework; sourceTree = SDKROOT; };
		6003F58F195388D20070C39A /* CoreGraphics.framework */ = {isa = PBXFileReference; lastKnownFileType = wrapper.framework; name = CoreGraphics.framework; path = System/Library/Frameworks/CoreGraphics.framework; sourceTree = SDKROOT; };
		6003F591195388D20070C39A /* UIKit.framework */ = {isa = PBXFileReference; lastKnownFileType = wrapper.framework; name = UIKit.framework; path = System/Library/Frameworks/UIKit.framework; sourceTree = SDKROOT; };
		6003F595195388D20070C39A /* coinbase-Info.plist */ = {isa = PBXFileReference; lastKnownFileType = text.plist.xml; path = "coinbase-Info.plist"; sourceTree = "<group>"; };
		6003F597195388D20070C39A /* en */ = {isa = PBXFileReference; lastKnownFileType = text.plist.strings; name = en; path = en.lproj/InfoPlist.strings; sourceTree = "<group>"; };
		6003F599195388D20070C39A /* main.m */ = {isa = PBXFileReference; lastKnownFileType = sourcecode.c.objc; path = main.m; sourceTree = "<group>"; };
		6003F59B195388D20070C39A /* coinbase-Prefix.pch */ = {isa = PBXFileReference; lastKnownFileType = sourcecode.c.h; path = "coinbase-Prefix.pch"; sourceTree = "<group>"; };
		6003F59C195388D20070C39A /* CoinbaseAppDelegate.h */ = {isa = PBXFileReference; lastKnownFileType = sourcecode.c.h; path = CoinbaseAppDelegate.h; sourceTree = "<group>"; };
		6003F59D195388D20070C39A /* CoinbaseAppDelegate.m */ = {isa = PBXFileReference; lastKnownFileType = sourcecode.c.objc; path = CoinbaseAppDelegate.m; sourceTree = "<group>"; };
		6003F5A0195388D20070C39A /* Base */ = {isa = PBXFileReference; lastKnownFileType = file.storyboard; name = Base; path = Base.lproj/Main.storyboard; sourceTree = "<group>"; };
		6003F5A5195388D20070C39A /* CoinbaseViewController.h */ = {isa = PBXFileReference; lastKnownFileType = sourcecode.c.h; path = CoinbaseViewController.h; sourceTree = "<group>"; };
		6003F5A6195388D20070C39A /* CoinbaseViewController.m */ = {isa = PBXFileReference; lastKnownFileType = sourcecode.c.objc; path = CoinbaseViewController.m; sourceTree = "<group>"; };
		6003F5A8195388D20070C39A /* Images.xcassets */ = {isa = PBXFileReference; lastKnownFileType = folder.assetcatalog; path = Images.xcassets; sourceTree = "<group>"; };
		6003F5AF195388D20070C39A /* XCTest.framework */ = {isa = PBXFileReference; lastKnownFileType = wrapper.framework; name = XCTest.framework; path = Library/Frameworks/XCTest.framework; sourceTree = DEVELOPER_DIR; };
		8C63D9ACB21B4EED9337C9C3 /* coinbase.podspec */ = {isa = PBXFileReference; includeInIndex = 1; lastKnownFileType = text; name = coinbase.podspec; path = ../coinbase.podspec; sourceTree = "<group>"; };
		96DFD8FCB7265C039C5B8608 /* Pods-Coinbase Tests.debug.xcconfig */ = {isa = PBXFileReference; includeInIndex = 1; lastKnownFileType = text.xcconfig; name = "Pods-Coinbase Tests.debug.xcconfig"; path = "Pods/Target Support Files/Pods-Coinbase Tests/Pods-Coinbase Tests.debug.xcconfig"; sourceTree = "<group>"; };
		AFB33DC936A14BAF8E91DF6D /* LICENSE */ = {isa = PBXFileReference; includeInIndex = 1; lastKnownFileType = text; name = LICENSE; path = ../LICENSE; sourceTree = "<group>"; };
		D1A38C4D1A8032770086BFE7 /* coinbase-Bridging-Header.h */ = {isa = PBXFileReference; lastKnownFileType = sourcecode.c.h; path = "coinbase-Bridging-Header.h"; sourceTree = "<group>"; };
		D1A38C4E1A8032770086BFE7 /* CoinbaseCurrenciesViewController.swift */ = {isa = PBXFileReference; fileEncoding = 4; lastKnownFileType = sourcecode.swift; path = CoinbaseCurrenciesViewController.swift; sourceTree = "<group>"; };
		D7F146701AFC37C000B13F98 /* test__getAccountsList.plist */ = {isa = PBXFileReference; fileEncoding = 4; lastKnownFileType = text.plist.xml; path = test__getAccountsList.plist; sourceTree = "<group>"; };
		D7F146721AFC535B00B13F98 /* test__getAccount.plist */ = {isa = PBXFileReference; fileEncoding = 4; lastKnownFileType = text.plist.xml; path = test__getAccount.plist; sourceTree = "<group>"; };
		D7F146741AFC547F00B13F98 /* test__getPrimaryAccount.plist */ = {isa = PBXFileReference; fileEncoding = 4; lastKnownFileType = text.plist.xml; path = test__getPrimaryAccount.plist; sourceTree = "<group>"; };
		D7F146761AFC594900B13F98 /* test__createAccountWithName.plist */ = {isa = PBXFileReference; fileEncoding = 4; lastKnownFileType = text.plist.xml; path = test__createAccountWithName.plist; sourceTree = "<group>"; };
		D7F146781AFC59AB00B13F98 /* test__getBalance.plist */ = {isa = PBXFileReference; fileEncoding = 4; lastKnownFileType = text.plist.xml; path = test__getBalance.plist; sourceTree = "<group>"; };
		D7F1467A1AFC5AF800B13F98 /* test__getBitcoinAddress.plist */ = {isa = PBXFileReference; fileEncoding = 4; lastKnownFileType = text.plist.xml; path = test__getBitcoinAddress.plist; sourceTree = "<group>"; };
		D7F1467C1B003B2300B13F98 /* test__createBitcoinAddressForAccount.plist */ = {isa = PBXFileReference; fileEncoding = 4; lastKnownFileType = text.plist.xml; path = test__createBitcoinAddressForAccount.plist; sourceTree = "<group>"; };
		D7F1467E1B003C4600B13F98 /* test__modifyAccount_name_completion.plist */ = {isa = PBXFileReference; fileEncoding = 4; lastKnownFileType = text.plist.xml; path = test__modifyAccount_name_completion.plist; sourceTree = "<group>"; };
		D7F146801B003DCB00B13F98 /* test__setAccountAsPrimary.plist */ = {isa = PBXFileReference; fileEncoding = 4; lastKnownFileType = text.plist.xml; path = test__setAccountAsPrimary.plist; sourceTree = "<group>"; };
		D7F146821B003E9000B13F98 /* test__deleteAccount.plist */ = {isa = PBXFileReference; fileEncoding = 4; lastKnownFileType = text.plist.xml; path = test__deleteAccount.plist; sourceTree = "<group>"; };
		D7F146871B00406C00B13F98 /* test__getAccountChanges.plist */ = {isa = PBXFileReference; fileEncoding = 4; lastKnownFileType = text.plist.xml; path = test__getAccountChanges.plist; sourceTree = "<group>"; };
		D7F1468A1B0041F300B13F98 /* test__getAccountAddresses.plist */ = {isa = PBXFileReference; fileEncoding = 4; lastKnownFileType = text.plist.xml; path = test__getAccountAddresses.plist; sourceTree = "<group>"; };
		D7F1468C1B00432A00B13F98 /* test__getAddressWithAddressOrID.plist */ = {isa = PBXFileReference; fileEncoding = 4; lastKnownFileType = text.plist.xml; path = test__getAddressWithAddressOrID.plist; sourceTree = "<group>"; };
		D7F1468F1B00481B00B13F98 /* test__createBitcoinAddress.plist */ = {isa = PBXFileReference; fileEncoding = 4; lastKnownFileType = text.plist.xml; path = test__createBitcoinAddress.plist; sourceTree = "<group>"; };
		D7F146911B004A9100B13F98 /* test__getAuthorizationInformation.plist */ = {isa = PBXFileReference; fileEncoding = 4; lastKnownFileType = text.plist.xml; path = test__getAuthorizationInformation.plist; sourceTree = "<group>"; };
		D7F146941B004B6C00B13F98 /* test__createButtonWithName_price_priceCurrencyISO.plist */ = {isa = PBXFileReference; fileEncoding = 4; lastKnownFileType = text.plist.xml; path = test__createButtonWithName_price_priceCurrencyISO.plist; sourceTree = "<group>"; };
		D7F146961B004D2D00B13F98 /* test__getButtonWithID.plist */ = {isa = PBXFileReference; fileEncoding = 4; lastKnownFileType = text.plist.xml; path = test__getButtonWithID.plist; sourceTree = "<group>"; };
		D7F146981B004E2100B13F98 /* test__createOrderForButtonWithID.plist */ = {isa = PBXFileReference; fileEncoding = 4; lastKnownFileType = text.plist.xml; path = test__createOrderForButtonWithID.plist; sourceTree = "<group>"; };
		D7F1469A1B00545600B13F98 /* test__getOrdersForButtonWithID.plist */ = {isa = PBXFileReference; fileEncoding = 4; lastKnownFileType = text.plist.xml; path = test__getOrdersForButtonWithID.plist; sourceTree = "<group>"; };
		D7F1469D1B00553300B13F98 /* test__buy.plist */ = {isa = PBXFileReference; fileEncoding = 4; lastKnownFileType = text.plist.xml; path = test__buy.plist; sourceTree = "<group>"; };
		D7F146A01B00629F00B13F98 /* test__getContacts.plist */ = {isa = PBXFileReference; fileEncoding = 4; lastKnownFileType = text.plist.xml; path = test__getContacts.plist; sourceTree = "<group>"; };
		D7F146A31B00639F00B13F98 /* test__getCurrencies.plist */ = {isa = PBXFileReference; fileEncoding = 4; lastKnownFileType = text.plist.xml; path = test__getCurrencies.plist; sourceTree = "<group>"; };
		D7F146A51B00646800B13F98 /* test__getExchangeRates.plist */ = {isa = PBXFileReference; fileEncoding = 4; lastKnownFileType = text.plist.xml; path = test__getExchangeRates.plist; sourceTree = "<group>"; };
		D7F146A81B00656700B13F98 /* test__depositAmount_paymentMethodId_commit.plist */ = {isa = PBXFileReference; fileEncoding = 4; lastKnownFileType = text.plist.xml; path = test__depositAmount_paymentMethodId_commit.plist; sourceTree = "<group>"; };
		D7F146AB1B00680300B13F98 /* test__createMultiSigAccountWithName_type_requiredSignatures_xPubKeys.plist */ = {isa = PBXFileReference; fileEncoding = 4; lastKnownFileType = text.plist.xml; path = test__createMultiSigAccountWithName_type_requiredSignatures_xPubKeys.plist; sourceTree = "<group>"; };
		D7F146AD1B00690300B13F98 /* test__getSignatureHashesWithTransactionID.plist */ = {isa = PBXFileReference; fileEncoding = 4; lastKnownFileType = text.plist.xml; path = test__getSignatureHashesWithTransactionID.plist; sourceTree = "<group>"; };
		D7F146AF1B006B2C00B13F98 /* test__signaturesForMultiSigTransaction.plist */ = {isa = PBXFileReference; fileEncoding = 4; lastKnownFileType = text.plist.xml; path = test__signaturesForMultiSigTransaction.plist; sourceTree = "<group>"; };
		D7F146B21B00718500B13F98 /* test__getOAuthApplications.plist */ = {isa = PBXFileReference; fileEncoding = 4; lastKnownFileType = text.plist.xml; path = test__getOAuthApplications.plist; sourceTree = "<group>"; };
		D7F146B41B00720700B13F98 /* test__getOAuthApplicationWithID.plist */ = {isa = PBXFileReference; fileEncoding = 4; lastKnownFileType = text.plist.xml; path = test__getOAuthApplicationWithID.plist; sourceTree = "<group>"; };
		D7F146B61B00728A00B13F98 /* test__createOAuthApplicationWithName_reDirectURL.plist */ = {isa = PBXFileReference; fileEncoding = 4; lastKnownFileType = text.plist.xml; path = test__createOAuthApplicationWithName_reDirectURL.plist; sourceTree = "<group>"; };
		D7F146B91B00733200B13F98 /* test__getOrders.plist */ = {isa = PBXFileReference; fileEncoding = 4; lastKnownFileType = text.plist.xml; path = test__getOrders.plist; sourceTree = "<group>"; };
		D7F146BB1B00740500B13F98 /* test__createOrderWithName.plist */ = {isa = PBXFileReference; fileEncoding = 4; lastKnownFileType = text.plist.xml; path = test__createOrderWithName.plist; sourceTree = "<group>"; };
		D7F146BD1B0074C500B13F98 /* test__getOrderWithID.plist */ = {isa = PBXFileReference; fileEncoding = 4; lastKnownFileType = text.plist.xml; path = test__getOrderWithID.plist; sourceTree = "<group>"; };
		D7F146BF1B00753300B13F98 /* test__refundOrderWithID_refundISOCode.plist */ = {isa = PBXFileReference; fileEncoding = 4; lastKnownFileType = text.plist.xml; path = test__refundOrderWithID_refundISOCode.plist; sourceTree = "<group>"; };
		D7F146C21B00763500B13F98 /* test__getPaymentMethods.plist */ = {isa = PBXFileReference; fileEncoding = 4; lastKnownFileType = text.plist.xml; path = test__getPaymentMethods.plist; sourceTree = "<group>"; };
		D7F146C41B00765400B13F98 /* test__paymentMethodWithID.plist */ = {isa = PBXFileReference; fileEncoding = 4; lastKnownFileType = text.plist.xml; path = test__paymentMethodWithID.plist; sourceTree = "<group>"; };
		D7F146C71B00786200B13F98 /* test__getBuyPrice.plist */ = {isa = PBXFileReference; fileEncoding = 4; lastKnownFileType = text.plist.xml; path = test__getBuyPrice.plist; sourceTree = "<group>"; };
		D7F146C91B00798400B13F98 /* test__getSellPrice.plist */ = {isa = PBXFileReference; fileEncoding = 4; lastKnownFileType = text.plist.xml; path = test__getSellPrice.plist; sourceTree = "<group>"; };
		D7F146CB1B007A7B00B13F98 /* test__getSpotRate.plist */ = {isa = PBXFileReference; fileEncoding = 4; lastKnownFileType = text.plist.xml; path = test__getSpotRate.plist; sourceTree = "<group>"; };
		D7F146CE1B007BB800B13F98 /* test__getRecurringPayments.plist */ = {isa = PBXFileReference; fileEncoding = 4; lastKnownFileType = text.plist.xml; path = test__getRecurringPayments.plist; sourceTree = "<group>"; };
		D7F146D01B007C6C00B13F98 /* test__recurringPaymentWithID.plist */ = {isa = PBXFileReference; fileEncoding = 4; lastKnownFileType = text.plist.xml; path = test__recurringPaymentWithID.plist; sourceTree = "<group>"; };
		D7F146D31B007D7700B13F98 /* test__refundWithID.plist */ = {isa = PBXFileReference; fileEncoding = 4; lastKnownFileType = text.plist.xml; path = test__refundWithID.plist; sourceTree = "<group>"; };
		D7F146D61B007EA800B13F98 /* test__getReports.plist */ = {isa = PBXFileReference; fileEncoding = 4; lastKnownFileType = text.plist.xml; path = test__getReports.plist; sourceTree = "<group>"; };
		D7F146D81B007F5000B13F98 /* test__reportWithID.plist */ = {isa = PBXFileReference; fileEncoding = 4; lastKnownFileType = text.plist.xml; path = test__reportWithID.plist; sourceTree = "<group>"; };
		D7F146DA1B007FBE00B13F98 /* test__createReportWithType_email.plist */ = {isa = PBXFileReference; fileEncoding = 4; lastKnownFileType = text.plist.xml; path = test__createReportWithType_email.plist; sourceTree = "<group>"; };
		D7F146DD1B0080DB00B13F98 /* test__sellQuantity.plist */ = {isa = PBXFileReference; fileEncoding = 4; lastKnownFileType = text.plist.xml; path = test__sellQuantity.plist; sourceTree = "<group>"; };
		D7F146E01B00817C00B13F98 /* test__getSubscribers.plist */ = {isa = PBXFileReference; fileEncoding = 4; lastKnownFileType = text.plist.xml; path = test__getSubscribers.plist; sourceTree = "<group>"; };
		D7F146E21B0081FC00B13F98 /* test__subscriptionWithID.plist */ = {isa = PBXFileReference; fileEncoding = 4; lastKnownFileType = text.plist.xml; path = test__subscriptionWithID.plist; sourceTree = "<group>"; };
		D7F146E51B00828300B13F98 /* test__createToken.plist */ = {isa = PBXFileReference; fileEncoding = 4; lastKnownFileType = text.plist.xml; path = test__createToken.plist; sourceTree = "<group>"; };
		D7F146E71B0082FD00B13F98 /* test__redeemTokenWithID.plist */ = {isa = PBXFileReference; fileEncoding = 4; lastKnownFileType = text.plist.xml; path = test__redeemTokenWithID.plist; sourceTree = "<group>"; };
		D7F146EA1B0083C000B13F98 /* test__getTransactions.plist */ = {isa = PBXFileReference; fileEncoding = 4; lastKnownFileType = text.plist.xml; path = test__getTransactions.plist; sourceTree = "<group>"; };
		D7F146EC1B00843200B13F98 /* test__transactionWithID.plist */ = {isa = PBXFileReference; fileEncoding = 4; lastKnownFileType = text.plist.xml; path = test__transactionWithID.plist; sourceTree = "<group>"; };
		D7F146EE1B0084A500B13F98 /* test__sendAmount_to.plist */ = {isa = PBXFileReference; fileEncoding = 4; lastKnownFileType = text.plist.xml; path = test__sendAmount_to.plist; sourceTree = "<group>"; };
		D7F146F01B00850D00B13F98 /* test__transferAmount_to.plist */ = {isa = PBXFileReference; fileEncoding = 4; lastKnownFileType = text.plist.xml; path = test__transferAmount_to.plist; sourceTree = "<group>"; };
		D7F146F21B00857900B13F98 /* test__requestAmount_from.plist */ = {isa = PBXFileReference; fileEncoding = 4; lastKnownFileType = text.plist.xml; path = test__requestAmount_from.plist; sourceTree = "<group>"; };
		D7F146F41B0085D700B13F98 /* test__resendRequestWithID.plist */ = {isa = PBXFileReference; fileEncoding = 4; lastKnownFileType = text.plist.xml; path = test__resendRequestWithID.plist; sourceTree = "<group>"; };
		D7F146F61B00863E00B13F98 /* test__completeRequestWithID.plist */ = {isa = PBXFileReference; fileEncoding = 4; lastKnownFileType = text.plist.xml; path = test__completeRequestWithID.plist; sourceTree = "<group>"; };
		D7F146F81B0086AA00B13F98 /* test__cancelRequestWithID.plist */ = {isa = PBXFileReference; fileEncoding = 4; lastKnownFileType = text.plist.xml; path = test__cancelRequestWithID.plist; sourceTree = "<group>"; };
		D7F146FB1B00873000B13F98 /* test__getTransfers.plist */ = {isa = PBXFileReference; fileEncoding = 4; lastKnownFileType = text.plist.xml; path = test__getTransfers.plist; sourceTree = "<group>"; };
		D7F146FD1B0087E300B13F98 /* test__transferWithID.plist */ = {isa = PBXFileReference; fileEncoding = 4; lastKnownFileType = text.plist.xml; path = test__transferWithID.plist; sourceTree = "<group>"; };
		D7F146FF1B00884600B13F98 /* test__commitTransferWithID.plist */ = {isa = PBXFileReference; fileEncoding = 4; lastKnownFileType = text.plist.xml; path = test__commitTransferWithID.plist; sourceTree = "<group>"; };
		D7F147031B0089EB00B13F98 /* test__getCurrentUser.plist */ = {isa = PBXFileReference; fileEncoding = 4; lastKnownFileType = text.plist.xml; path = test__getCurrentUser.plist; sourceTree = "<group>"; };
		D7F147051B008A0A00B13F98 /* test__modifyCurrentUserName.plist */ = {isa = PBXFileReference; fileEncoding = 4; lastKnownFileType = text.plist.xml; path = test__modifyCurrentUserName.plist; sourceTree = "<group>"; };
		D7F147071B008A1C00B13F98 /* test__withdrawAmount_accountID_paymentMethodID.plist */ = {isa = PBXFileReference; fileEncoding = 4; lastKnownFileType = text.plist.xml; path = test__withdrawAmount_accountID_paymentMethodID.plist; sourceTree = "<group>"; };
		D7F1473D1B03154700B13F98 /* Coinbase Tests.xctest */ = {isa = PBXFileReference; explicitFileType = wrapper.cfbundle; includeInIndex = 0; path = "Coinbase Tests.xctest"; sourceTree = BUILT_PRODUCTS_DIR; };
		D7F147401B03154700B13F98 /* Info.plist */ = {isa = PBXFileReference; lastKnownFileType = text.plist.xml; path = Info.plist; sourceTree = "<group>"; };
		D7F147411B03154800B13F98 /* Coinbase_Tests.m */ = {isa = PBXFileReference; lastKnownFileType = sourcecode.c.objc; path = Coinbase_Tests.m; sourceTree = "<group>"; };
		D7F962971AF0CB7700C0959F /* CoinbaseAccountsTableViewController.h */ = {isa = PBXFileReference; fileEncoding = 4; lastKnownFileType = sourcecode.c.h; path = CoinbaseAccountsTableViewController.h; sourceTree = "<group>"; };
		D7F962981AF0CB7700C0959F /* CoinbaseAccountsTableViewController.m */ = {isa = PBXFileReference; fileEncoding = 4; lastKnownFileType = sourcecode.c.objc; path = CoinbaseAccountsTableViewController.m; sourceTree = "<group>"; };
		D7F9629D1AF13BD800C0959F /* CoinbaseTransactionsViewController.h */ = {isa = PBXFileReference; fileEncoding = 4; lastKnownFileType = sourcecode.c.h; path = CoinbaseTransactionsViewController.h; sourceTree = "<group>"; };
		D7F9629E1AF13BD800C0959F /* CoinbaseTransactionsViewController.m */ = {isa = PBXFileReference; fileEncoding = 4; lastKnownFileType = sourcecode.c.objc; path = CoinbaseTransactionsViewController.m; sourceTree = "<group>"; };
		D7F962A31AF14A7900C0959F /* CoinbaseBuySellViewController.swift */ = {isa = PBXFileReference; fileEncoding = 4; lastKnownFileType = sourcecode.swift; path = CoinbaseBuySellViewController.swift; sourceTree = "<group>"; };
		E8353DD36070453E96AB801F /* README.md */ = {isa = PBXFileReference; includeInIndex = 1; lastKnownFileType = net.daringfireball.markdown; name = README.md; path = ../README.md; sourceTree = "<group>"; };
		EFE4215C0E758F6D1D804224 /* Pods-Coinbase Tests.release.xcconfig */ = {isa = PBXFileReference; includeInIndex = 1; lastKnownFileType = text.xcconfig; name = "Pods-Coinbase Tests.release.xcconfig"; path = "Pods/Target Support Files/Pods-Coinbase Tests/Pods-Coinbase Tests.release.xcconfig"; sourceTree = "<group>"; };
		F39C7A6D7032D7450AB6E464 /* Pods-coinbase.debug.xcconfig */ = {isa = PBXFileReference; includeInIndex = 1; lastKnownFileType = text.xcconfig; name = "Pods-coinbase.debug.xcconfig"; path = "Pods/Target Support Files/Pods-coinbase/Pods-coinbase.debug.xcconfig"; sourceTree = "<group>"; };
		FC6D8A255554731ABF72E0A9 /* Pods-coinbase.release.xcconfig */ = {isa = PBXFileReference; includeInIndex = 1; lastKnownFileType = text.xcconfig; name = "Pods-coinbase.release.xcconfig"; path = "Pods/Target Support Files/Pods-coinbase/Pods-coinbase.release.xcconfig"; sourceTree = "<group>"; };
/* End PBXFileReference section */

/* Begin PBXFrameworksBuildPhase section */
		6003F587195388D20070C39A /* Frameworks */ = {
			isa = PBXFrameworksBuildPhase;
			buildActionMask = 2147483647;
			files = (
				6003F590195388D20070C39A /* CoreGraphics.framework in Frameworks */,
				6003F592195388D20070C39A /* UIKit.framework in Frameworks */,
				6003F58E195388D20070C39A /* Foundation.framework in Frameworks */,
				921D14C6C7CE107E9A78D834 /* libPods-coinbase.a in Frameworks */,
			);
			runOnlyForDeploymentPostprocessing = 0;
		};
		D7F1473A1B03154700B13F98 /* Frameworks */ = {
			isa = PBXFrameworksBuildPhase;
			buildActionMask = 2147483647;
			files = (
				28364FE25659A43A6A9CFFC8 /* libPods-Coinbase Tests.a in Frameworks */,
			);
			runOnlyForDeploymentPostprocessing = 0;
		};
/* End PBXFrameworksBuildPhase section */

/* Begin PBXGroup section */
		6003F581195388D10070C39A = {
			isa = PBXGroup;
			children = (
				60FF7A9C1954A5C5007DD14C /* Podspec Metadata */,
				6003F593195388D20070C39A /* coinbase */,
				D7F1473E1B03154700B13F98 /* Coinbase Tests */,
				6003F58C195388D20070C39A /* Frameworks */,
				6003F58B195388D20070C39A /* Products */,
				A08E00BCA26383A180F993A6 /* Pods */,
			);
			sourceTree = "<group>";
		};
		6003F58B195388D20070C39A /* Products */ = {
			isa = PBXGroup;
			children = (
				6003F58A195388D20070C39A /* coinbase.app */,
				D7F1473D1B03154700B13F98 /* Coinbase Tests.xctest */,
			);
			name = Products;
			sourceTree = "<group>";
		};
		6003F58C195388D20070C39A /* Frameworks */ = {
			isa = PBXGroup;
			children = (
				6003F58D195388D20070C39A /* Foundation.framework */,
				6003F58F195388D20070C39A /* CoreGraphics.framework */,
				6003F591195388D20070C39A /* UIKit.framework */,
				6003F5AF195388D20070C39A /* XCTest.framework */,
				1B1B3BC4E0DC2DA1D99D4B8F /* libPods-Coinbase Tests.a */,
				171C54F935CD125FBF1B82B5 /* libPods-coinbase.a */,
			);
			name = Frameworks;
			sourceTree = "<group>";
		};
		6003F593195388D20070C39A /* coinbase */ = {
			isa = PBXGroup;
			children = (
				D1A38C4D1A8032770086BFE7 /* coinbase-Bridging-Header.h */,
				6003F59F195388D20070C39A /* Main.storyboard */,
				6003F59C195388D20070C39A /* CoinbaseAppDelegate.h */,
				6003F59D195388D20070C39A /* CoinbaseAppDelegate.m */,
				6003F5A5195388D20070C39A /* CoinbaseViewController.h */,
				6003F5A6195388D20070C39A /* CoinbaseViewController.m */,
				D1A38C4E1A8032770086BFE7 /* CoinbaseCurrenciesViewController.swift */,
				D7F962A31AF14A7900C0959F /* CoinbaseBuySellViewController.swift */,
				D7F962971AF0CB7700C0959F /* CoinbaseAccountsTableViewController.h */,
				D7F962981AF0CB7700C0959F /* CoinbaseAccountsTableViewController.m */,
				D7F9629D1AF13BD800C0959F /* CoinbaseTransactionsViewController.h */,
				D7F9629E1AF13BD800C0959F /* CoinbaseTransactionsViewController.m */,
				6003F5A8195388D20070C39A /* Images.xcassets */,
				6003F594195388D20070C39A /* Supporting Files */,
			);
			path = coinbase;
			sourceTree = "<group>";
		};
		6003F594195388D20070C39A /* Supporting Files */ = {
			isa = PBXGroup;
			children = (
				6003F595195388D20070C39A /* coinbase-Info.plist */,
				6003F596195388D20070C39A /* InfoPlist.strings */,
				6003F599195388D20070C39A /* main.m */,
				6003F59B195388D20070C39A /* coinbase-Prefix.pch */,
			);
			name = "Supporting Files";
			sourceTree = "<group>";
		};
		60FF7A9C1954A5C5007DD14C /* Podspec Metadata */ = {
			isa = PBXGroup;
			children = (
				8C63D9ACB21B4EED9337C9C3 /* coinbase.podspec */,
				E8353DD36070453E96AB801F /* README.md */,
				AFB33DC936A14BAF8E91DF6D /* LICENSE */,
			);
			name = "Podspec Metadata";
			sourceTree = "<group>";
		};
		A08E00BCA26383A180F993A6 /* Pods */ = {
			isa = PBXGroup;
			children = (
				96DFD8FCB7265C039C5B8608 /* Pods-Coinbase Tests.debug.xcconfig */,
				EFE4215C0E758F6D1D804224 /* Pods-Coinbase Tests.release.xcconfig */,
				F39C7A6D7032D7450AB6E464 /* Pods-coinbase.debug.xcconfig */,
				FC6D8A255554731ABF72E0A9 /* Pods-coinbase.release.xcconfig */,
			);
			name = Pods;
			sourceTree = "<group>";
		};
		D7F146841B003F2D00B13F98 /* Accounts */ = {
			isa = PBXGroup;
			children = (
				D7F146701AFC37C000B13F98 /* test__getAccountsList.plist */,
				D7F146721AFC535B00B13F98 /* test__getAccount.plist */,
				D7F146741AFC547F00B13F98 /* test__getPrimaryAccount.plist */,
				D7F146761AFC594900B13F98 /* test__createAccountWithName.plist */,
				D7F146781AFC59AB00B13F98 /* test__getBalance.plist */,
				D7F1467A1AFC5AF800B13F98 /* test__getBitcoinAddress.plist */,
				D7F1467C1B003B2300B13F98 /* test__createBitcoinAddressForAccount.plist */,
				D7F1467E1B003C4600B13F98 /* test__modifyAccount_name_completion.plist */,
				D7F146801B003DCB00B13F98 /* test__setAccountAsPrimary.plist */,
				D7F146821B003E9000B13F98 /* test__deleteAccount.plist */,
			);
			name = Accounts;
			sourceTree = "<group>";
		};
		D7F146851B003F3D00B13F98 /* Mocked JSON Responses */ = {
			isa = PBXGroup;
			children = (
				D7F146841B003F2D00B13F98 /* Accounts */,
				D7F146861B003F5F00B13F98 /* Account Changes */,
				D7F146891B0040BC00B13F98 /* Addresses */,
				D7F1468E1B00455100B13F98 /* Authorization */,
				D7F146931B004B5E00B13F98 /* Buttons */,
				D7F1469C1B00550300B13F98 /* Buys */,
				D7F1469F1B005D9800B13F98 /* Contacts */,
				D7F146A21B00632300B13F98 /* Currencies */,
				D7F146A71B00648F00B13F98 /* Deposits */,
				D7F146AA1B0065CE00B13F98 /* MultiSig */,
				D7F146B11B00717300B13F98 /* OAuth Applications */,
				D7F146B81B00731D00B13F98 /* Orders */,
				D7F146C11B00758100B13F98 /* Payment Methods */,
				D7F146C61B00780500B13F98 /* Prices */,
				D7F146CD1B007B4700B13F98 /* Recurring Payments */,
				D7F146D21B007CC600B13F98 /* Refunds */,
				D7F146D51B007E4B00B13F98 /* Reports */,
				D7F146DC1B0080CE00B13F98 /* Sell */,
				D7F146DF1B00810C00B13F98 /* Subscriptions */,
				D7F146E41B00827800B13F98 /* Token */,
				D7F146E91B00836300B13F98 /* Transactions */,
				D7F146FA1B0086D400B13F98 /* Transfers */,
				D7F147011B00888800B13F98 /* Users */,
				D7F147021B00889300B13F98 /* Withdrawals */,
			);
			name = "Mocked JSON Responses";
			path = ../Tests;
			sourceTree = "<group>";
		};
		D7F146861B003F5F00B13F98 /* Account Changes */ = {
			isa = PBXGroup;
			children = (
				D7F146871B00406C00B13F98 /* test__getAccountChanges.plist */,
			);
			name = "Account Changes";
			sourceTree = "<group>";
		};
		D7F146891B0040BC00B13F98 /* Addresses */ = {
			isa = PBXGroup;
			children = (
				D7F1468A1B0041F300B13F98 /* test__getAccountAddresses.plist */,
				D7F1468C1B00432A00B13F98 /* test__getAddressWithAddressOrID.plist */,
				D7F1468F1B00481B00B13F98 /* test__createBitcoinAddress.plist */,
			);
			name = Addresses;
			sourceTree = "<group>";
		};
		D7F1468E1B00455100B13F98 /* Authorization */ = {
			isa = PBXGroup;
			children = (
				D7F146911B004A9100B13F98 /* test__getAuthorizationInformation.plist */,
			);
			name = Authorization;
			sourceTree = "<group>";
		};
		D7F146931B004B5E00B13F98 /* Buttons */ = {
			isa = PBXGroup;
			children = (
				D7F146941B004B6C00B13F98 /* test__createButtonWithName_price_priceCurrencyISO.plist */,
				D7F146961B004D2D00B13F98 /* test__getButtonWithID.plist */,
				D7F146981B004E2100B13F98 /* test__createOrderForButtonWithID.plist */,
				D7F1469A1B00545600B13F98 /* test__getOrdersForButtonWithID.plist */,
			);
			name = Buttons;
			sourceTree = "<group>";
		};
		D7F1469C1B00550300B13F98 /* Buys */ = {
			isa = PBXGroup;
			children = (
				D7F1469D1B00553300B13F98 /* test__buy.plist */,
			);
			name = Buys;
			sourceTree = "<group>";
		};
		D7F1469F1B005D9800B13F98 /* Contacts */ = {
			isa = PBXGroup;
			children = (
				D7F146A01B00629F00B13F98 /* test__getContacts.plist */,
			);
			name = Contacts;
			sourceTree = "<group>";
		};
		D7F146A21B00632300B13F98 /* Currencies */ = {
			isa = PBXGroup;
			children = (
				D7F146A31B00639F00B13F98 /* test__getCurrencies.plist */,
				D7F146A51B00646800B13F98 /* test__getExchangeRates.plist */,
			);
			name = Currencies;
			sourceTree = "<group>";
		};
		D7F146A71B00648F00B13F98 /* Deposits */ = {
			isa = PBXGroup;
			children = (
				D7F146A81B00656700B13F98 /* test__depositAmount_paymentMethodId_commit.plist */,
			);
			name = Deposits;
			sourceTree = "<group>";
		};
		D7F146AA1B0065CE00B13F98 /* MultiSig */ = {
			isa = PBXGroup;
			children = (
				D7F146AB1B00680300B13F98 /* test__createMultiSigAccountWithName_type_requiredSignatures_xPubKeys.plist */,
				D7F146AD1B00690300B13F98 /* test__getSignatureHashesWithTransactionID.plist */,
				D7F146AF1B006B2C00B13F98 /* test__signaturesForMultiSigTransaction.plist */,
			);
			name = MultiSig;
			sourceTree = "<group>";
		};
		D7F146B11B00717300B13F98 /* OAuth Applications */ = {
			isa = PBXGroup;
			children = (
				D7F146B21B00718500B13F98 /* test__getOAuthApplications.plist */,
				D7F146B41B00720700B13F98 /* test__getOAuthApplicationWithID.plist */,
				D7F146B61B00728A00B13F98 /* test__createOAuthApplicationWithName_reDirectURL.plist */,
			);
			name = "OAuth Applications";
			sourceTree = "<group>";
		};
		D7F146B81B00731D00B13F98 /* Orders */ = {
			isa = PBXGroup;
			children = (
				D7F146B91B00733200B13F98 /* test__getOrders.plist */,
				D7F146BB1B00740500B13F98 /* test__createOrderWithName.plist */,
				D7F146BD1B0074C500B13F98 /* test__getOrderWithID.plist */,
				D7F146BF1B00753300B13F98 /* test__refundOrderWithID_refundISOCode.plist */,
			);
			name = Orders;
			sourceTree = "<group>";
		};
		D7F146C11B00758100B13F98 /* Payment Methods */ = {
			isa = PBXGroup;
			children = (
				D7F146C21B00763500B13F98 /* test__getPaymentMethods.plist */,
				D7F146C41B00765400B13F98 /* test__paymentMethodWithID.plist */,
			);
			name = "Payment Methods";
			sourceTree = "<group>";
		};
		D7F146C61B00780500B13F98 /* Prices */ = {
			isa = PBXGroup;
			children = (
				D7F146C71B00786200B13F98 /* test__getBuyPrice.plist */,
				D7F146C91B00798400B13F98 /* test__getSellPrice.plist */,
				D7F146CB1B007A7B00B13F98 /* test__getSpotRate.plist */,
			);
			name = Prices;
			sourceTree = "<group>";
		};
		D7F146CD1B007B4700B13F98 /* Recurring Payments */ = {
			isa = PBXGroup;
			children = (
				D7F146CE1B007BB800B13F98 /* test__getRecurringPayments.plist */,
				D7F146D01B007C6C00B13F98 /* test__recurringPaymentWithID.plist */,
			);
			name = "Recurring Payments";
			sourceTree = "<group>";
		};
		D7F146D21B007CC600B13F98 /* Refunds */ = {
			isa = PBXGroup;
			children = (
				D7F146D31B007D7700B13F98 /* test__refundWithID.plist */,
			);
			name = Refunds;
			sourceTree = "<group>";
		};
		D7F146D51B007E4B00B13F98 /* Reports */ = {
			isa = PBXGroup;
			children = (
				D7F146D61B007EA800B13F98 /* test__getReports.plist */,
				D7F146D81B007F5000B13F98 /* test__reportWithID.plist */,
				D7F146DA1B007FBE00B13F98 /* test__createReportWithType_email.plist */,
			);
			name = Reports;
			sourceTree = "<group>";
		};
		D7F146DC1B0080CE00B13F98 /* Sell */ = {
			isa = PBXGroup;
			children = (
				D7F146DD1B0080DB00B13F98 /* test__sellQuantity.plist */,
			);
			name = Sell;
			sourceTree = "<group>";
		};
		D7F146DF1B00810C00B13F98 /* Subscriptions */ = {
			isa = PBXGroup;
			children = (
				D7F146E01B00817C00B13F98 /* test__getSubscribers.plist */,
				D7F146E21B0081FC00B13F98 /* test__subscriptionWithID.plist */,
			);
			name = Subscriptions;
			sourceTree = "<group>";
		};
		D7F146E41B00827800B13F98 /* Token */ = {
			isa = PBXGroup;
			children = (
				D7F146E51B00828300B13F98 /* test__createToken.plist */,
				D7F146E71B0082FD00B13F98 /* test__redeemTokenWithID.plist */,
			);
			name = Token;
			sourceTree = "<group>";
		};
		D7F146E91B00836300B13F98 /* Transactions */ = {
			isa = PBXGroup;
			children = (
				D7F146EA1B0083C000B13F98 /* test__getTransactions.plist */,
				D7F146EC1B00843200B13F98 /* test__transactionWithID.plist */,
				D7F146EE1B0084A500B13F98 /* test__sendAmount_to.plist */,
				D7F146F01B00850D00B13F98 /* test__transferAmount_to.plist */,
				D7F146F21B00857900B13F98 /* test__requestAmount_from.plist */,
				D7F146F41B0085D700B13F98 /* test__resendRequestWithID.plist */,
				D7F146F61B00863E00B13F98 /* test__completeRequestWithID.plist */,
				D7F146F81B0086AA00B13F98 /* test__cancelRequestWithID.plist */,
			);
			name = Transactions;
			sourceTree = "<group>";
		};
		D7F146FA1B0086D400B13F98 /* Transfers */ = {
			isa = PBXGroup;
			children = (
				D7F146FB1B00873000B13F98 /* test__getTransfers.plist */,
				D7F146FD1B0087E300B13F98 /* test__transferWithID.plist */,
				D7F146FF1B00884600B13F98 /* test__commitTransferWithID.plist */,
			);
			name = Transfers;
			sourceTree = "<group>";
		};
		D7F147011B00888800B13F98 /* Users */ = {
			isa = PBXGroup;
			children = (
				D7F147031B0089EB00B13F98 /* test__getCurrentUser.plist */,
				D7F147051B008A0A00B13F98 /* test__modifyCurrentUserName.plist */,
			);
			name = Users;
			sourceTree = "<group>";
		};
		D7F147021B00889300B13F98 /* Withdrawals */ = {
			isa = PBXGroup;
			children = (
				D7F147071B008A1C00B13F98 /* test__withdrawAmount_accountID_paymentMethodID.plist */,
			);
			name = Withdrawals;
			sourceTree = "<group>";
		};
		D7F1473E1B03154700B13F98 /* Coinbase Tests */ = {
			isa = PBXGroup;
			children = (
				D7F146851B003F3D00B13F98 /* Mocked JSON Responses */,
				D7F147411B03154800B13F98 /* Coinbase_Tests.m */,
				D7F1473F1B03154700B13F98 /* Supporting Files */,
			);
			path = "Coinbase Tests";
			sourceTree = "<group>";
		};
		D7F1473F1B03154700B13F98 /* Supporting Files */ = {
			isa = PBXGroup;
			children = (
				D7F147401B03154700B13F98 /* Info.plist */,
			);
			name = "Supporting Files";
			sourceTree = "<group>";
		};
/* End PBXGroup section */

/* Begin PBXNativeTarget section */
		6003F589195388D20070C39A /* coinbase */ = {
			isa = PBXNativeTarget;
			buildConfigurationList = 6003F5BF195388D20070C39A /* Build configuration list for PBXNativeTarget "coinbase" */;
			buildPhases = (
				4F9A5710633491D666E196EF /* [CP] Check Pods Manifest.lock */,
				6003F586195388D20070C39A /* Sources */,
				6003F587195388D20070C39A /* Frameworks */,
				6003F588195388D20070C39A /* Resources */,
				18B57061F3A0EB006E9B2F75 /* [CP] Embed Pods Frameworks */,
				787BDBC3A8C47D799B1AD3A7 /* [CP] Copy Pods Resources */,
			);
			buildRules = (
			);
			dependencies = (
			);
			name = coinbase;
			productName = coinbase;
			productReference = 6003F58A195388D20070C39A /* coinbase.app */;
			productType = "com.apple.product-type.application";
		};
		D7F1473C1B03154700B13F98 /* Coinbase Tests */ = {
			isa = PBXNativeTarget;
			buildConfigurationList = D7F147471B03154800B13F98 /* Build configuration list for PBXNativeTarget "Coinbase Tests" */;
			buildPhases = (
				C600A1F06AD724D474560AEF /* [CP] Check Pods Manifest.lock */,
				D7F147391B03154700B13F98 /* Sources */,
				D7F1473A1B03154700B13F98 /* Frameworks */,
				D7F1473B1B03154700B13F98 /* Resources */,
				F565D784FE1058F8C2AF612C /* [CP] Embed Pods Frameworks */,
				EB8E30528DF384644EFBF11B /* [CP] Copy Pods Resources */,
			);
			buildRules = (
			);
			dependencies = (
				D7F147441B03154800B13F98 /* PBXTargetDependency */,
			);
			name = "Coinbase Tests";
			productName = "Coinbase Tests";
			productReference = D7F1473D1B03154700B13F98 /* Coinbase Tests.xctest */;
			productType = "com.apple.product-type.bundle.unit-test";
		};
/* End PBXNativeTarget section */

/* Begin PBXProject section */
		6003F582195388D10070C39A /* Project object */ = {
			isa = PBXProject;
			attributes = {
				CLASSPREFIX = Coinbase;
				LastSwiftUpdateCheck = 0700;
				LastUpgradeCheck = 0710;
				ORGANIZATIONNAME = "Isaac Waller";
				TargetAttributes = {
					6003F589195388D20070C39A = {
						LastSwiftMigration = 0800;
					};
					D7F1473C1B03154700B13F98 = {
						CreatedOnToolsVersion = 6.3.1;
						TestTargetID = 6003F589195388D20070C39A;
					};
				};
			};
			buildConfigurationList = 6003F585195388D10070C39A /* Build configuration list for PBXProject "coinbase" */;
			compatibilityVersion = "Xcode 3.2";
			developmentRegion = English;
			hasScannedForEncodings = 0;
			knownRegions = (
				en,
				Base,
			);
			mainGroup = 6003F581195388D10070C39A;
			productRefGroup = 6003F58B195388D20070C39A /* Products */;
			projectDirPath = "";
			projectRoot = "";
			targets = (
				6003F589195388D20070C39A /* coinbase */,
				D7F1473C1B03154700B13F98 /* Coinbase Tests */,
			);
		};
/* End PBXProject section */

/* Begin PBXResourcesBuildPhase section */
		6003F588195388D20070C39A /* Resources */ = {
			isa = PBXResourcesBuildPhase;
			buildActionMask = 2147483647;
			files = (
				6003F5A9195388D20070C39A /* Images.xcassets in Resources */,
				6003F5A1195388D20070C39A /* Main.storyboard in Resources */,
				6003F598195388D20070C39A /* InfoPlist.strings in Resources */,
			);
			runOnlyForDeploymentPostprocessing = 0;
		};
		D7F1473B1B03154700B13F98 /* Resources */ = {
			isa = PBXResourcesBuildPhase;
			buildActionMask = 2147483647;
			files = (
				D7F147481B03184E00B13F98 /* test__getAccountsList.plist in Resources */,
				D7F147491B03184E00B13F98 /* test__getAccount.plist in Resources */,
				D7F1474A1B03184E00B13F98 /* test__getPrimaryAccount.plist in Resources */,
				D7F1474B1B03184E00B13F98 /* test__createAccountWithName.plist in Resources */,
				D7F1474C1B03184E00B13F98 /* test__getBalance.plist in Resources */,
				D7F1474D1B03184E00B13F98 /* test__getBitcoinAddress.plist in Resources */,
				D7F1474E1B03184E00B13F98 /* test__createBitcoinAddressForAccount.plist in Resources */,
				D7F1474F1B03184E00B13F98 /* test__modifyAccount_name_completion.plist in Resources */,
				D7F147501B03184E00B13F98 /* test__setAccountAsPrimary.plist in Resources */,
				D7F147511B03184E00B13F98 /* test__deleteAccount.plist in Resources */,
				D7F147521B03184E00B13F98 /* test__getAccountChanges.plist in Resources */,
				D7F147531B03184E00B13F98 /* test__getAccountAddresses.plist in Resources */,
				D7F147541B03184E00B13F98 /* test__getAddressWithAddressOrID.plist in Resources */,
				D7F147551B03184E00B13F98 /* test__createBitcoinAddress.plist in Resources */,
				D7F147561B03184E00B13F98 /* test__getAuthorizationInformation.plist in Resources */,
				D7F147571B03184E00B13F98 /* test__createButtonWithName_price_priceCurrencyISO.plist in Resources */,
				D7F147581B03184E00B13F98 /* test__getButtonWithID.plist in Resources */,
				D7F147591B03184E00B13F98 /* test__createOrderForButtonWithID.plist in Resources */,
				D7F1475A1B03184E00B13F98 /* test__getOrdersForButtonWithID.plist in Resources */,
				D7F1475B1B03184E00B13F98 /* test__buy.plist in Resources */,
				D7F1475C1B03184E00B13F98 /* test__getContacts.plist in Resources */,
				D7F1475D1B03184E00B13F98 /* test__getCurrencies.plist in Resources */,
				D7F1475E1B03184E00B13F98 /* test__getExchangeRates.plist in Resources */,
				D7F1475F1B03184E00B13F98 /* test__depositAmount_paymentMethodId_commit.plist in Resources */,
				D7F147601B03184E00B13F98 /* test__createMultiSigAccountWithName_type_requiredSignatures_xPubKeys.plist in Resources */,
				D7F147611B03184E00B13F98 /* test__getSignatureHashesWithTransactionID.plist in Resources */,
				D7F147621B03184E00B13F98 /* test__signaturesForMultiSigTransaction.plist in Resources */,
				D7F147631B03184E00B13F98 /* test__getOAuthApplications.plist in Resources */,
				D7F147641B03184E00B13F98 /* test__getOAuthApplicationWithID.plist in Resources */,
				D7F147651B03184E00B13F98 /* test__createOAuthApplicationWithName_reDirectURL.plist in Resources */,
				D7F147661B03184E00B13F98 /* test__getOrders.plist in Resources */,
				D7F147671B03184E00B13F98 /* test__createOrderWithName.plist in Resources */,
				D7F147681B03184E00B13F98 /* test__getOrderWithID.plist in Resources */,
				D7F147691B03184E00B13F98 /* test__refundOrderWithID_refundISOCode.plist in Resources */,
				D7F1476A1B03184E00B13F98 /* test__getPaymentMethods.plist in Resources */,
				D7F1476B1B03184E00B13F98 /* test__paymentMethodWithID.plist in Resources */,
				D7F1476C1B03184E00B13F98 /* test__getBuyPrice.plist in Resources */,
				D7F1476D1B03184E00B13F98 /* test__getSellPrice.plist in Resources */,
				D7F1476E1B03184E00B13F98 /* test__getSpotRate.plist in Resources */,
				D7F1476F1B03184E00B13F98 /* test__getRecurringPayments.plist in Resources */,
				D7F147701B03184E00B13F98 /* test__recurringPaymentWithID.plist in Resources */,
				D7F147711B03184E00B13F98 /* test__refundWithID.plist in Resources */,
				D7F147721B03184E00B13F98 /* test__getReports.plist in Resources */,
				D7F147731B03184E00B13F98 /* test__reportWithID.plist in Resources */,
				D7F147741B03184E00B13F98 /* test__createReportWithType_email.plist in Resources */,
				D7F147751B03184E00B13F98 /* test__sellQuantity.plist in Resources */,
				D7F147761B03184E00B13F98 /* test__getSubscribers.plist in Resources */,
				D7F147771B03184E00B13F98 /* test__subscriptionWithID.plist in Resources */,
				D7F147781B03184E00B13F98 /* test__createToken.plist in Resources */,
				D7F147791B03184E00B13F98 /* test__redeemTokenWithID.plist in Resources */,
				D7F1477A1B03184E00B13F98 /* test__getTransactions.plist in Resources */,
				D7F1477B1B03184E00B13F98 /* test__transactionWithID.plist in Resources */,
				D7F1477C1B03184E00B13F98 /* test__sendAmount_to.plist in Resources */,
				D7F1477D1B03184E00B13F98 /* test__transferAmount_to.plist in Resources */,
				D7F1477E1B03184E00B13F98 /* test__requestAmount_from.plist in Resources */,
				D7F1477F1B03184E00B13F98 /* test__resendRequestWithID.plist in Resources */,
				D7F147801B03184E00B13F98 /* test__completeRequestWithID.plist in Resources */,
				D7F147811B03184E00B13F98 /* test__cancelRequestWithID.plist in Resources */,
				D7F147821B03184E00B13F98 /* test__getTransfers.plist in Resources */,
				D7F147831B03184E00B13F98 /* test__transferWithID.plist in Resources */,
				D7F147841B03184E00B13F98 /* test__commitTransferWithID.plist in Resources */,
				D7F147851B03184E00B13F98 /* test__getCurrentUser.plist in Resources */,
				D7F147861B03184E00B13F98 /* test__modifyCurrentUserName.plist in Resources */,
				D7F147871B03184E00B13F98 /* test__withdrawAmount_accountID_paymentMethodID.plist in Resources */,
			);
			runOnlyForDeploymentPostprocessing = 0;
		};
/* End PBXResourcesBuildPhase section */

/* Begin PBXShellScriptBuildPhase section */
		18B57061F3A0EB006E9B2F75 /* [CP] Embed Pods Frameworks */ = {
			isa = PBXShellScriptBuildPhase;
			buildActionMask = 2147483647;
			files = (
			);
			inputPaths = (
			);
			name = "[CP] Embed Pods Frameworks";
			outputPaths = (
			);
			runOnlyForDeploymentPostprocessing = 0;
			shellPath = /bin/sh;
			shellScript = "\"${SRCROOT}/Pods/Target Support Files/Pods-coinbase/Pods-coinbase-frameworks.sh\"\n";
			showEnvVarsInLog = 0;
		};
		4F9A5710633491D666E196EF /* [CP] Check Pods Manifest.lock */ = {
			isa = PBXShellScriptBuildPhase;
			buildActionMask = 2147483647;
			files = (
			);
			inputPaths = (
			);
			name = "[CP] Check Pods Manifest.lock";
			outputPaths = (
			);
			runOnlyForDeploymentPostprocessing = 0;
			shellPath = /bin/sh;
			shellScript = "diff \"${PODS_ROOT}/../Podfile.lock\" \"${PODS_ROOT}/Manifest.lock\" > /dev/null\nif [[ $? != 0 ]] ; then\n    cat << EOM\nerror: The sandbox is not in sync with the Podfile.lock. Run 'pod install' or update your CocoaPods installation.\nEOM\n    exit 1\nfi\n";
			showEnvVarsInLog = 0;
		};
		787BDBC3A8C47D799B1AD3A7 /* [CP] Copy Pods Resources */ = {
			isa = PBXShellScriptBuildPhase;
			buildActionMask = 2147483647;
			files = (
			);
			inputPaths = (
			);
			name = "[CP] Copy Pods Resources";
			outputPaths = (
			);
			runOnlyForDeploymentPostprocessing = 0;
			shellPath = /bin/sh;
			shellScript = "\"${SRCROOT}/Pods/Target Support Files/Pods-coinbase/Pods-coinbase-resources.sh\"\n";
			showEnvVarsInLog = 0;
		};
		C600A1F06AD724D474560AEF /* [CP] Check Pods Manifest.lock */ = {
			isa = PBXShellScriptBuildPhase;
			buildActionMask = 2147483647;
			files = (
			);
			inputPaths = (
			);
			name = "[CP] Check Pods Manifest.lock";
			outputPaths = (
			);
			runOnlyForDeploymentPostprocessing = 0;
			shellPath = /bin/sh;
			shellScript = "diff \"${PODS_ROOT}/../Podfile.lock\" \"${PODS_ROOT}/Manifest.lock\" > /dev/null\nif [[ $? != 0 ]] ; then\n    cat << EOM\nerror: The sandbox is not in sync with the Podfile.lock. Run 'pod install' or update your CocoaPods installation.\nEOM\n    exit 1\nfi\n";
			showEnvVarsInLog = 0;
		};
		EB8E30528DF384644EFBF11B /* [CP] Copy Pods Resources */ = {
			isa = PBXShellScriptBuildPhase;
			buildActionMask = 2147483647;
			files = (
			);
			inputPaths = (
			);
			name = "[CP] Copy Pods Resources";
			outputPaths = (
			);
			runOnlyForDeploymentPostprocessing = 0;
			shellPath = /bin/sh;
			shellScript = "\"${SRCROOT}/Pods/Target Support Files/Pods-Coinbase Tests/Pods-Coinbase Tests-resources.sh\"\n";
			showEnvVarsInLog = 0;
		};
		F565D784FE1058F8C2AF612C /* [CP] Embed Pods Frameworks */ = {
			isa = PBXShellScriptBuildPhase;
			buildActionMask = 2147483647;
			files = (
			);
			inputPaths = (
			);
			name = "[CP] Embed Pods Frameworks";
			outputPaths = (
			);
			runOnlyForDeploymentPostprocessing = 0;
			shellPath = /bin/sh;
			shellScript = "\"${SRCROOT}/Pods/Target Support Files/Pods-Coinbase Tests/Pods-Coinbase Tests-frameworks.sh\"\n";
			showEnvVarsInLog = 0;
		};
/* End PBXShellScriptBuildPhase section */

/* Begin PBXSourcesBuildPhase section */
		6003F586195388D20070C39A /* Sources */ = {
			isa = PBXSourcesBuildPhase;
			buildActionMask = 2147483647;
			files = (
				6003F59E195388D20070C39A /* CoinbaseAppDelegate.m in Sources */,
				6003F5A7195388D20070C39A /* CoinbaseViewController.m in Sources */,
				D7F9629F1AF13BD800C0959F /* CoinbaseTransactionsViewController.m in Sources */,
				6003F59A195388D20070C39A /* main.m in Sources */,
				D1A38C4F1A8032770086BFE7 /* CoinbaseCurrenciesViewController.swift in Sources */,
				D7F962A41AF14A7900C0959F /* CoinbaseBuySellViewController.swift in Sources */,
				D7F962991AF0CB7700C0959F /* CoinbaseAccountsTableViewController.m in Sources */,
			);
			runOnlyForDeploymentPostprocessing = 0;
		};
		D7F147391B03154700B13F98 /* Sources */ = {
			isa = PBXSourcesBuildPhase;
			buildActionMask = 2147483647;
			files = (
				D7F147421B03154800B13F98 /* Coinbase_Tests.m in Sources */,
			);
			runOnlyForDeploymentPostprocessing = 0;
		};
/* End PBXSourcesBuildPhase section */

/* Begin PBXTargetDependency section */
		D7F147441B03154800B13F98 /* PBXTargetDependency */ = {
			isa = PBXTargetDependency;
			target = 6003F589195388D20070C39A /* coinbase */;
			targetProxy = D7F147431B03154800B13F98 /* PBXContainerItemProxy */;
		};
/* End PBXTargetDependency section */

/* Begin PBXVariantGroup section */
		6003F596195388D20070C39A /* InfoPlist.strings */ = {
			isa = PBXVariantGroup;
			children = (
				6003F597195388D20070C39A /* en */,
			);
			name = InfoPlist.strings;
			sourceTree = "<group>";
		};
		6003F59F195388D20070C39A /* Main.storyboard */ = {
			isa = PBXVariantGroup;
			children = (
				6003F5A0195388D20070C39A /* Base */,
			);
			name = Main.storyboard;
			sourceTree = "<group>";
		};
/* End PBXVariantGroup section */

/* Begin XCBuildConfiguration section */
		6003F5BD195388D20070C39A /* Debug */ = {
			isa = XCBuildConfiguration;
			buildSettings = {
				ALWAYS_SEARCH_USER_PATHS = NO;
				CLANG_CXX_LANGUAGE_STANDARD = "gnu++0x";
				CLANG_CXX_LIBRARY = "libc++";
				CLANG_ENABLE_MODULES = YES;
				CLANG_ENABLE_OBJC_ARC = YES;
				CLANG_WARN_BOOL_CONVERSION = YES;
				CLANG_WARN_CONSTANT_CONVERSION = YES;
				CLANG_WARN_DIRECT_OBJC_ISA_USAGE = YES_ERROR;
				CLANG_WARN_EMPTY_BODY = YES;
				CLANG_WARN_ENUM_CONVERSION = YES;
				CLANG_WARN_INT_CONVERSION = YES;
				CLANG_WARN_OBJC_ROOT_CLASS = YES_ERROR;
				CLANG_WARN__DUPLICATE_METHOD_MATCH = YES;
				"CODE_SIGN_IDENTITY[sdk=iphoneos*]" = "iPhone Developer";
				COPY_PHASE_STRIP = NO;
				ENABLE_TESTABILITY = YES;
				GCC_C_LANGUAGE_STANDARD = gnu99;
				GCC_DYNAMIC_NO_PIC = NO;
				GCC_OPTIMIZATION_LEVEL = 0;
				GCC_PREPROCESSOR_DEFINITIONS = (
					"DEBUG=1",
					"$(inherited)",
				);
				GCC_SYMBOLS_PRIVATE_EXTERN = NO;
				GCC_WARN_64_TO_32_BIT_CONVERSION = YES;
				GCC_WARN_ABOUT_RETURN_TYPE = YES_ERROR;
				GCC_WARN_UNDECLARED_SELECTOR = YES;
				GCC_WARN_UNINITIALIZED_AUTOS = YES_AGGRESSIVE;
				GCC_WARN_UNUSED_FUNCTION = YES;
				GCC_WARN_UNUSED_VARIABLE = YES;
				IPHONEOS_DEPLOYMENT_TARGET = 8.0;
				ONLY_ACTIVE_ARCH = YES;
				SDKROOT = iphoneos;
				TARGETED_DEVICE_FAMILY = "1,2";
			};
			name = Debug;
		};
		6003F5BE195388D20070C39A /* Release */ = {
			isa = XCBuildConfiguration;
			buildSettings = {
				ALWAYS_SEARCH_USER_PATHS = NO;
				CLANG_CXX_LANGUAGE_STANDARD = "gnu++0x";
				CLANG_CXX_LIBRARY = "libc++";
				CLANG_ENABLE_MODULES = YES;
				CLANG_ENABLE_OBJC_ARC = YES;
				CLANG_WARN_BOOL_CONVERSION = YES;
				CLANG_WARN_CONSTANT_CONVERSION = YES;
				CLANG_WARN_DIRECT_OBJC_ISA_USAGE = YES_ERROR;
				CLANG_WARN_EMPTY_BODY = YES;
				CLANG_WARN_ENUM_CONVERSION = YES;
				CLANG_WARN_INT_CONVERSION = YES;
				CLANG_WARN_OBJC_ROOT_CLASS = YES_ERROR;
				CLANG_WARN__DUPLICATE_METHOD_MATCH = YES;
				"CODE_SIGN_IDENTITY[sdk=iphoneos*]" = "iPhone Developer";
				COPY_PHASE_STRIP = YES;
				ENABLE_NS_ASSERTIONS = NO;
				GCC_C_LANGUAGE_STANDARD = gnu99;
				GCC_WARN_64_TO_32_BIT_CONVERSION = YES;
				GCC_WARN_ABOUT_RETURN_TYPE = YES_ERROR;
				GCC_WARN_UNDECLARED_SELECTOR = YES;
				GCC_WARN_UNINITIALIZED_AUTOS = YES_AGGRESSIVE;
				GCC_WARN_UNUSED_FUNCTION = YES;
				GCC_WARN_UNUSED_VARIABLE = YES;
				IPHONEOS_DEPLOYMENT_TARGET = 8.0;
				SDKROOT = iphoneos;
				TARGETED_DEVICE_FAMILY = "1,2";
				VALIDATE_PRODUCT = YES;
			};
			name = Release;
		};
		6003F5C0195388D20070C39A /* Debug */ = {
			isa = XCBuildConfiguration;
			baseConfigurationReference = F39C7A6D7032D7450AB6E464 /* Pods-coinbase.debug.xcconfig */;
			buildSettings = {
				ASSETCATALOG_COMPILER_APPICON_NAME = AppIcon;
				CLANG_ENABLE_MODULES = YES;
				GCC_PRECOMPILE_PREFIX_HEADER = YES;
				GCC_PREFIX_HEADER = "coinbase/coinbase-Prefix.pch";
				INFOPLIST_FILE = "coinbase/coinbase-Info.plist";
				IPHONEOS_DEPLOYMENT_TARGET = 8.0;
				LD_RUNPATH_SEARCH_PATHS = "$(inherited) @executable_path/Frameworks";
				PRODUCT_BUNDLE_IDENTIFIER = "org.cocoapods.demo.${PRODUCT_NAME:rfc1034identifier}";
				PRODUCT_NAME = "$(TARGET_NAME)";
				SWIFT_OBJC_BRIDGING_HEADER = "coinbase/coinbase-Bridging-Header.h";
				SWIFT_OPTIMIZATION_LEVEL = "-Onone";
				SWIFT_VERSION = 3.0;
				WRAPPER_EXTENSION = app;
			};
			name = Debug;
		};
		6003F5C1195388D20070C39A /* Release */ = {
			isa = XCBuildConfiguration;
			baseConfigurationReference = FC6D8A255554731ABF72E0A9 /* Pods-coinbase.release.xcconfig */;
			buildSettings = {
				ASSETCATALOG_COMPILER_APPICON_NAME = AppIcon;
				CLANG_ENABLE_MODULES = YES;
				GCC_PRECOMPILE_PREFIX_HEADER = YES;
				GCC_PREFIX_HEADER = "coinbase/coinbase-Prefix.pch";
				INFOPLIST_FILE = "coinbase/coinbase-Info.plist";
				IPHONEOS_DEPLOYMENT_TARGET = 8.0;
				LD_RUNPATH_SEARCH_PATHS = "$(inherited) @executable_path/Frameworks";
				PRODUCT_BUNDLE_IDENTIFIER = "org.cocoapods.demo.${PRODUCT_NAME:rfc1034identifier}";
				PRODUCT_NAME = "$(TARGET_NAME)";
				SWIFT_OBJC_BRIDGING_HEADER = "coinbase/coinbase-Bridging-Header.h";
				SWIFT_VERSION = 3.0;
				WRAPPER_EXTENSION = app;
			};
			name = Release;
		};
		D7F147451B03154800B13F98 /* Debug */ = {
			isa = XCBuildConfiguration;
			baseConfigurationReference = 96DFD8FCB7265C039C5B8608 /* Pods-Coinbase Tests.debug.xcconfig */;
			buildSettings = {
				BUNDLE_LOADER = "$(TEST_HOST)";
				CLANG_WARN_UNREACHABLE_CODE = YES;
				DEBUG_INFORMATION_FORMAT = "dwarf-with-dsym";
				ENABLE_STRICT_OBJC_MSGSEND = YES;
				FRAMEWORK_SEARCH_PATHS = (
					"$(SDKROOT)/Developer/Library/Frameworks",
					"$(inherited)",
				);
				GCC_NO_COMMON_BLOCKS = YES;
				GCC_PREPROCESSOR_DEFINITIONS = (
					"DEBUG=1",
					"$(inherited)",
				);
				INFOPLIST_FILE = "Coinbase Tests/Info.plist";
				IPHONEOS_DEPLOYMENT_TARGET = 8.3;
				LD_RUNPATH_SEARCH_PATHS = "$(inherited) @executable_path/Frameworks @loader_path/Frameworks";
				MTL_ENABLE_DEBUG_INFO = YES;
				PRODUCT_BUNDLE_IDENTIFIER = "org.cocoapods.demo.$(PRODUCT_NAME:rfc1034identifier)";
				PRODUCT_NAME = "$(TARGET_NAME)";
				TEST_HOST = "$(BUILT_PRODUCTS_DIR)/coinbase.app/coinbase";
			};
			name = Debug;
		};
		D7F147461B03154800B13F98 /* Release */ = {
			isa = XCBuildConfiguration;
			baseConfigurationReference = EFE4215C0E758F6D1D804224 /* Pods-Coinbase Tests.release.xcconfig */;
			buildSettings = {
				BUNDLE_LOADER = "$(TEST_HOST)";
				CLANG_WARN_UNREACHABLE_CODE = YES;
				COPY_PHASE_STRIP = NO;
				DEBUG_INFORMATION_FORMAT = "dwarf-with-dsym";
				ENABLE_STRICT_OBJC_MSGSEND = YES;
				FRAMEWORK_SEARCH_PATHS = (
					"$(SDKROOT)/Developer/Library/Frameworks",
					"$(inherited)",
				);
				GCC_NO_COMMON_BLOCKS = YES;
				INFOPLIST_FILE = "Coinbase Tests/Info.plist";
				IPHONEOS_DEPLOYMENT_TARGET = 8.3;
				LD_RUNPATH_SEARCH_PATHS = "$(inherited) @executable_path/Frameworks @loader_path/Frameworks";
				MTL_ENABLE_DEBUG_INFO = NO;
				PRODUCT_BUNDLE_IDENTIFIER = "org.cocoapods.demo.$(PRODUCT_NAME:rfc1034identifier)";
				PRODUCT_NAME = "$(TARGET_NAME)";
				TEST_HOST = "$(BUILT_PRODUCTS_DIR)/coinbase.app/coinbase";
			};
			name = Release;
		};
/* End XCBuildConfiguration section */

/* Begin XCConfigurationList section */
		6003F585195388D10070C39A /* Build configuration list for PBXProject "coinbase" */ = {
			isa = XCConfigurationList;
			buildConfigurations = (
				6003F5BD195388D20070C39A /* Debug */,
				6003F5BE195388D20070C39A /* Release */,
			);
			defaultConfigurationIsVisible = 0;
			defaultConfigurationName = Release;
		};
		6003F5BF195388D20070C39A /* Build configuration list for PBXNativeTarget "coinbase" */ = {
			isa = XCConfigurationList;
			buildConfigurations = (
				6003F5C0195388D20070C39A /* Debug */,
				6003F5C1195388D20070C39A /* Release */,
			);
			defaultConfigurationIsVisible = 0;
			defaultConfigurationName = Release;
		};
		D7F147471B03154800B13F98 /* Build configuration list for PBXNativeTarget "Coinbase Tests" */ = {
			isa = XCConfigurationList;
			buildConfigurations = (
				D7F147451B03154800B13F98 /* Debug */,
				D7F147461B03154800B13F98 /* Release */,
			);
			defaultConfigurationIsVisible = 0;
			defaultConfigurationName = Release;
		};
/* End XCConfigurationList section */
	};
	rootObject = 6003F582195388D10070C39A /* Project object */;
}
